
Microsoft Visual Studio Solution File, Format Version 12.00
# Visual Studio Version 17
VisualStudioVersion = 17.10.35013.160
MinimumVisualStudioVersion = 10.0.40219.1
Project("{FAE04EC0-301F-11D3-BF4B-00C04F79EFBC}") = "MyFinancialCrm", "MyFinancialCrm\MyFinancialCrm.csproj", "{4C7A34A7-BCAC-4A17-9016-122CF4DBEE00}"
EndProject
Global
	GlobalSection(SolutionConfigurationPlatforms) = preSolution
		Debug|Any CPU = Debug|Any CPU
		Release|Any CPU = Release|Any CPU
	EndGlobalSection
	GlobalSection(ProjectConfigurationPlatforms) = postSolution
		{4C7A34A7-BCAC-4A17-9016-122CF4DBEE00}.Debug|Any CPU.ActiveCfg = Debug|Any CPU
		{4C7A34A7-BCAC-4A17-9016-122CF4DBEE00}.Debug|Any CPU.Build.0 = Debug|Any CPU
		{4C7A34A7-BCAC-4A17-9016-122CF4DBEE00}.Release|Any CPU.ActiveCfg = Release|Any CPU
		{4C7A34A7-BCAC-4A17-9016-122CF4DBEE00}.Release|Any CPU.Build.0 = Release|Any CPU
	EndGlobalSection
	GlobalSection(SolutionProperties) = preSolution
		HideSolutionNode = FALSE
	EndGlobalSection
	GlobalSection(ExtensibilityGlobals) = postSolution
		SolutionGuid = {24533561-0ABC-4110-97B5-5F8C219EB035}
	EndGlobalSection
EndGlobal
